
Microsoft Visual Studio Solution File, Format Version 12.00
# Visual Studio Version 16
VisualStudioVersion = 16.0.30523.141
MinimumVisualStudioVersion = 10.0.40219.1
Project("{FAE04EC0-301F-11D3-BF4B-00C04F79EFBC}") = "ServiceRest_096_Vyan Insya Nur Muhammad", "ServiceRest_096_Vyan Insya Nur Muhammad.csproj", "{226BFEC3-0403-4C40-AD10-AB18525EE48D}"
EndProject
Global
	GlobalSection(SolutionConfigurationPlatforms) = preSolution
		Debug|Any CPU = Debug|Any CPU
		Release|Any CPU = Release|Any CPU
	EndGlobalSection
	GlobalSection(ProjectConfigurationPlatforms) = postSolution
		{226BFEC3-0403-4C40-AD10-AB18525EE48D}.Debug|Any CPU.ActiveCfg = Debug|Any CPU
		{226BFEC3-0403-4C40-AD10-AB18525EE48D}.Debug|Any CPU.Build.0 = Debug|Any CPU
		{226BFEC3-0403-4C40-AD10-AB18525EE48D}.Release|Any CPU.ActiveCfg = Release|Any CPU
		{226BFEC3-0403-4C40-AD10-AB18525EE48D}.Release|Any CPU.Build.0 = Release|Any CPU
	EndGlobalSection
	GlobalSection(SolutionProperties) = preSolution
		HideSolutionNode = FALSE
	EndGlobalSection
	GlobalSection(ExtensibilityGlobals) = postSolution
		SolutionGuid = {33A0EF8C-4D6F-4212-90F2-D08203756213}
	EndGlobalSection
EndGlobal
